
Microsoft Visual Studio Solution File, Format Version 12.00
# Visual Studio Version 17
VisualStudioVersion = 17.14.36310.24 d17.14
MinimumVisualStudioVersion = 10.0.40219.1
Project("{FAE04EC0-301F-11D3-BF4B-00C04F79EFBC}") = "DBT", "DBT\DBT.csproj", "{5870C60D-8E0F-452A-AF3D-E61561C6ECA3}"
EndProject
Project("{FAE04EC0-301F-11D3-BF4B-00C04F79EFBC}") = "DL", "DL\DL.csproj", "{D2775453-F9BB-40C4-B68C-9296F4AAD1B4}"
EndProject
Project("{FAE04EC0-301F-11D3-BF4B-00C04F79EFBC}") = "Model", "Model\Model.csproj", "{4E34FBFF-02C1-424A-8D3C-3132B30D1E23}"
EndProject
Global
	GlobalSection(SolutionConfigurationPlatforms) = preSolution
		Debug|Any CPU = Debug|Any CPU
		Release|Any CPU = Release|Any CPU
	EndGlobalSection
	GlobalSection(ProjectConfigurationPlatforms) = postSolution
		{5870C60D-8E0F-452A-AF3D-E61561C6ECA3}.Debug|Any CPU.ActiveCfg = Debug|Any CPU
		{5870C60D-8E0F-452A-AF3D-E61561C6ECA3}.Debug|Any CPU.Build.0 = Debug|Any CPU
		{5870C60D-8E0F-452A-AF3D-E61561C6ECA3}.Release|Any CPU.ActiveCfg = Release|Any CPU
		{5870C60D-8E0F-452A-AF3D-E61561C6ECA3}.Release|Any CPU.Build.0 = Release|Any CPU
		{D2775453-F9BB-40C4-B68C-9296F4AAD1B4}.Debug|Any CPU.ActiveCfg = Debug|Any CPU
		{D2775453-F9BB-40C4-B68C-9296F4AAD1B4}.Debug|Any CPU.Build.0 = Debug|Any CPU
		{D2775453-F9BB-40C4-B68C-9296F4AAD1B4}.Release|Any CPU.ActiveCfg = Release|Any CPU
		{D2775453-F9BB-40C4-B68C-9296F4AAD1B4}.Release|Any CPU.Build.0 = Release|Any CPU
		{4E34FBFF-02C1-424A-8D3C-3132B30D1E23}.Debug|Any CPU.ActiveCfg = Debug|Any CPU
		{4E34FBFF-02C1-424A-8D3C-3132B30D1E23}.Debug|Any CPU.Build.0 = Debug|Any CPU
		{4E34FBFF-02C1-424A-8D3C-3132B30D1E23}.Release|Any CPU.ActiveCfg = Release|Any CPU
		{4E34FBFF-02C1-424A-8D3C-3132B30D1E23}.Release|Any CPU.Build.0 = Release|Any CPU
	EndGlobalSection
	GlobalSection(SolutionProperties) = preSolution
		HideSolutionNode = FALSE
	EndGlobalSection
	GlobalSection(ExtensibilityGlobals) = postSolution
		SolutionGuid = {CA874078-3889-469F-8753-3161048EADED}
	EndGlobalSection
EndGlobal
